{
  "lockfile_version": "1",
  "packages": {
    "bat@0.25.0": {
      "last_modified": "2025-04-17T05:47:26Z",
      "resolved": "github:NixOS/nixpkgs/ebe4301cbd8f81c4f8d3244b3632338bbeb6d49c#bat",
      "source": "devbox-search",
      "version": "0.25.0",
      "systems": {
        "aarch64-darwin": {
          "outputs": [
            {
              "name": "out",
              "path": "/nix/store/29xjspshldxxsx7ff6fs6n8nz7rwwa0n-bat-0.25.0",
              "default": true
            }
          ],
          "store_path": "/nix/store/29xjspshldxxsx7ff6fs6n8nz7rwwa0n-bat-0.25.0"
        },
        "aarch64-linux": {
          "outputs": [
            {
              "name": "out",
              "path": "/nix/store/naqcdc2ydjfrvkvbd4yr9b0ci9ddblr1-bat-0.25.0",
              "default": true
            }
          ],
          "store_path": "/nix/store/naqcdc2ydjfrvkvbd4yr9b0ci9ddblr1-bat-0.25.0"
        },
        "x86_64-darwin": {
          "outputs": [
            {
              "name": "out",
              "path": "/nix/store/zsjjqxpx1m3n1677jsk3viy84rxhh7s5-bat-0.25.0",
              "default": true
            }
          ],
          "store_path": "/nix/store/zsjjqxpx1m3n1677jsk3viy84rxhh7s5-bat-0.25.0"
        },
        "x86_64-linux": {
          "outputs": [
            {
              "name": "out",
              "path": "/nix/store/7m2i1qi7mm3fdrw38kp8yv2vbvcwjk0g-bat-0.25.0",
              "default": true
            }
          ],
          "store_path": "/nix/store/7m2i1qi7mm3fdrw38kp8yv2vbvcwjk0g-bat-0.25.0"
        }
      }
    },
    "detect-secrets@1.5.0": {
      "last_modified": "2025-04-17T05:47:26Z",
      "resolved": "github:NixOS/nixpkgs/ebe4301cbd8f81c4f8d3244b3632338bbeb6d49c#detect-secrets",
      "source": "devbox-search",
      "version": "1.5.0",
      "systems": {
        "aarch64-darwin": {
          "outputs": [
            {
              "name": "out",
              "path": "/nix/store/4spp18bjky1vpkpn20kf4k08rvdq9l2h-python3.12-detect-secrets-1.5.0",
              "default": true
            },
            {
              "name": "dist",
              "path": "/nix/store/31aisnl21vv3smylvm4g7sqdmizh6fgw-python3.12-detect-secrets-1.5.0-dist"
            }
          ],
          "store_path": "/nix/store/4spp18bjky1vpkpn20kf4k08rvdq9l2h-python3.12-detect-secrets-1.5.0"
        },
        "aarch64-linux": {
          "outputs": [
            {
              "name": "out",
              "path": "/nix/store/lrv4ly7dar5lcyk5ym33ynv97ca7qgkk-python3.12-detect-secrets-1.5.0",
              "default": true
            },
            {
              "name": "dist",
              "path": "/nix/store/gh5mcp1r2z3hlfnkksc4krq93lcyv447-python3.12-detect-secrets-1.5.0-dist"
            }
          ],
          "store_path": "/nix/store/lrv4ly7dar5lcyk5ym33ynv97ca7qgkk-python3.12-detect-secrets-1.5.0"
        },
        "x86_64-darwin": {
          "outputs": [
            {
              "name": "out",
              "path": "/nix/store/ifcil3fx2jv4jn8p6x23yw2pfgryafvp-python3.12-detect-secrets-1.5.0",
              "default": true
            },
            {
              "name": "dist",
              "path": "/nix/store/pxmg56slq24sl55m86qz53hy13lb9v38-python3.12-detect-secrets-1.5.0-dist"
            }
          ],
          "store_path": "/nix/store/ifcil3fx2jv4jn8p6x23yw2pfgryafvp-python3.12-detect-secrets-1.5.0"
        },
        "x86_64-linux": {
          "outputs": [
            {
              "name": "out",
              "path": "/nix/store/s7j8p70hcardn1lk9lbdskdxrz45mngr-python3.12-detect-secrets-1.5.0",
              "default": true
            },
            {
              "name": "dist",
              "path": "/nix/store/dzzi8zjz09vzyvq3p05wpzh6y3jab8bd-python3.12-detect-secrets-1.5.0-dist"
            }
          ],
          "store_path": "/nix/store/s7j8p70hcardn1lk9lbdskdxrz45mngr-python3.12-detect-secrets-1.5.0"
        }
      }
    },
    "github:NixOS/nixpkgs/nixpkgs-unstable": {
      "last_modified": "2025-05-03T19:26:05Z",
      "resolved": "github:NixOS/nixpkgs/f21e4546e3ede7ae34d12a84602a22246b31f7e0?lastModified=1746300365&narHash=sha256-thYTdWqCRipwPRxWiTiH1vusLuAy0okjOyzRx4hLWh4%3D"
    },
    "go@1.24.2": {
      "last_modified": "2025-04-17T05:47:26Z",
      "resolved": "github:NixOS/nixpkgs/ebe4301cbd8f81c4f8d3244b3632338bbeb6d49c#go",
      "source": "devbox-search",
      "version": "1.24.2",
      "systems": {
        "aarch64-darwin": {
          "outputs": [
            {
              "name": "out",
              "path": "/nix/store/fd2s1z3why92qn8w7j6r0xlarikpv27v-go-1.24.2",
              "default": true
            }
          ],
          "store_path": "/nix/store/fd2s1z3why92qn8w7j6r0xlarikpv27v-go-1.24.2"
        },
        "aarch64-linux": {
          "outputs": [
            {
              "name": "out",
              "path": "/nix/store/kxiwzqk0rg2qfw2n246cgp9p5k46zw72-go-1.24.2",
              "default": true
            }
          ],
          "store_path": "/nix/store/kxiwzqk0rg2qfw2n246cgp9p5k46zw72-go-1.24.2"
        },
        "x86_64-darwin": {
          "outputs": [
            {
              "name": "out",
              "path": "/nix/store/m69ix2b1g4npzx093dxvbx3z5gzd0c1n-go-1.24.2",
              "default": true
            }
          ],
          "store_path": "/nix/store/m69ix2b1g4npzx093dxvbx3z5gzd0c1n-go-1.24.2"
        },
        "x86_64-linux": {
          "outputs": [
            {
              "name": "out",
              "path": "/nix/store/czwkf2ly24qy4gssd2scmjklp36b3pda-go-1.24.2",
              "default": true
            }
          ],
          "store_path": "/nix/store/czwkf2ly24qy4gssd2scmjklp36b3pda-go-1.24.2"
        }
      }
    },
    "golangci-lint@1.64.6": {
      "last_modified": "2025-03-11T17:52:14Z",
      "resolved": "github:NixOS/nixpkgs/0d534853a55b5d02a4ababa1d71921ce8f0aee4c#golangci-lint",
      "source": "devbox-search",
      "version": "1.64.6",
      "systems": {
        "aarch64-darwin": {
          "outputs": [
            {
              "name": "out",
              "path": "/nix/store/w7v0fzxk2y99h5h92rbbn5q4cg3khsk7-golangci-lint-1.64.6",
              "default": true
            }
          ],
          "store_path": "/nix/store/w7v0fzxk2y99h5h92rbbn5q4cg3khsk7-golangci-lint-1.64.6"
        },
        "aarch64-linux": {
          "outputs": [
            {
              "name": "out",
              "path": "/nix/store/n2wx4zqmhp6588lmzhkx6m0xxwc38dfn-golangci-lint-1.64.6",
              "default": true
            }
          ],
          "store_path": "/nix/store/n2wx4zqmhp6588lmzhkx6m0xxwc38dfn-golangci-lint-1.64.6"
        },
        "x86_64-darwin": {
          "outputs": [
            {
              "name": "out",
              "path": "/nix/store/r3gmwz3j63c30cjqjh5481c9lzf62190-golangci-lint-1.64.6",
              "default": true
            }
          ],
          "store_path": "/nix/store/r3gmwz3j63c30cjqjh5481c9lzf62190-golangci-lint-1.64.6"
        },
        "x86_64-linux": {
          "outputs": [
            {
              "name": "out",
              "path": "/nix/store/0mmm8g5pwwk7j86zwb10x53bkdm0k174-golangci-lint-1.64.6",
              "default": true
            }
          ],
          "store_path": "/nix/store/0mmm8g5pwwk7j86zwb10x53bkdm0k174-golangci-lint-1.64.6"
        }
      }
    },
    "gopls@0.18.1": {
      "last_modified": "2025-04-17T05:47:26Z",
      "resolved": "github:NixOS/nixpkgs/ebe4301cbd8f81c4f8d3244b3632338bbeb6d49c#gopls",
      "source": "devbox-search",
      "version": "0.18.1",
      "systems": {
        "aarch64-darwin": {
          "outputs": [
            {
              "name": "out",
              "path": "/nix/store/0a73gfx7rz7r7jgi8icy9sqfkqsjifdy-gopls-0.18.1",
              "default": true
            }
          ],
          "store_path": "/nix/store/0a73gfx7rz7r7jgi8icy9sqfkqsjifdy-gopls-0.18.1"
        },
        "aarch64-linux": {
          "outputs": [
            {
              "name": "out",
              "path": "/nix/store/pnw4xah7jgy4q3jdg9w46bl4rpxnw74a-gopls-0.18.1",
              "default": true
            }
          ],
          "store_path": "/nix/store/pnw4xah7jgy4q3jdg9w46bl4rpxnw74a-gopls-0.18.1"
        },
        "x86_64-darwin": {
          "outputs": [
            {
              "name": "out",
              "path": "/nix/store/d7bw0r1i47r9gf9vqv8rkxxqq4s14bln-gopls-0.18.1",
              "default": true
            }
          ],
          "store_path": "/nix/store/d7bw0r1i47r9gf9vqv8rkxxqq4s14bln-gopls-0.18.1"
        },
        "x86_64-linux": {
          "outputs": [
            {
              "name": "out",
              "path": "/nix/store/66m2bfjz36hjcw6741gxmjpykrjrcban-gopls-0.18.1",
              "default": true
            }
          ],
          "store_path": "/nix/store/66m2bfjz36hjcw6741gxmjpykrjrcban-gopls-0.18.1"
        }
      }
    },
    "jq@1.7.1": {
      "last_modified": "2025-05-04T22:22:57Z",
      "resolved": "github:NixOS/nixpkgs/ed30f8aba41605e3ab46421e3dcb4510ec560ff8#jq",
      "source": "devbox-search",
      "version": "1.7.1",
      "systems": {
        "aarch64-darwin": {
          "outputs": [
            {
              "name": "bin",
              "path": "/nix/store/d0r880glv6pvpxibssrcl2v7v4sqijfx-jq-1.7.1-bin",
              "default": true
            },
            {
              "name": "man",
              "path": "/nix/store/51dbhjrpi3dnj3jv9npjk1wvqcjfpz2n-jq-1.7.1-man",
              "default": true
            },
            {
              "name": "out",
              "path": "/nix/store/kd68ckkv7lqnfb46rk1746mhig0hhpl5-jq-1.7.1"
            },
            {
              "name": "dev",
              "path": "/nix/store/d3w37gvgsapsh612vyy0b0lnjq81bhhd-jq-1.7.1-dev"
            },
            {
              "name": "doc",
              "path": "/nix/store/31mydlnw005lpaslc5yqgmxy5mfhzs98-jq-1.7.1-doc"
            }
          ],
          "store_path": "/nix/store/d0r880glv6pvpxibssrcl2v7v4sqijfx-jq-1.7.1-bin"
        },
        "aarch64-linux": {
          "outputs": [
            {
              "name": "bin",
              "path": "/nix/store/gn5585z1600aqspd8hyz48qjxpkprmmd-jq-1.7.1-bin",
              "default": true
            },
            {
              "name": "man",
              "path": "/nix/store/333c44nih6riadc384l4kyrcsiqn9w6b-jq-1.7.1-man",
              "default": true
            },
            {
              "name": "dev",
              "path": "/nix/store/djgzdhs0aj2g37xfbbx5inmm5j34ri6s-jq-1.7.1-dev"
            },
            {
              "name": "doc",
              "path": "/nix/store/5iv52bfgs3dgg9sgy63m0v8kqf3jka61-jq-1.7.1-doc"
            },
            {
              "name": "out",
              "path": "/nix/store/qqb575m59p2l1v3h9hb3q96mm7b41qjf-jq-1.7.1"
            }
          ],
          "store_path": "/nix/store/gn5585z1600aqspd8hyz48qjxpkprmmd-jq-1.7.1-bin"
        },
        "x86_64-darwin": {
          "outputs": [
            {
              "name": "bin",
              "path": "/nix/store/d7scikakdayw3xjw8pm55q8j146qwxwd-jq-1.7.1-bin",
              "default": true
            },
            {
              "name": "man",
              "path": "/nix/store/giabrd1iawzw666w62n4dw7czs6k580i-jq-1.7.1-man",
              "default": true
            },
            {
              "name": "dev",
              "path": "/nix/store/h80zvna5sb5klg3q56l22rw2cac35pzm-jq-1.7.1-dev"
            },
            {
              "name": "doc",
              "path": "/nix/store/v51p982wn5hrjvfprr5h5f7ffakj86iq-jq-1.7.1-doc"
            },
            {
              "name": "out",
              "path": "/nix/store/8fd0arnj59yvp8clz9a14p61dhchp8kk-jq-1.7.1"
            }
          ],
          "store_path": "/nix/store/d7scikakdayw3xjw8pm55q8j146qwxwd-jq-1.7.1-bin"
        },
        "x86_64-linux": {
          "outputs": [
            {
              "name": "bin",
              "path": "/nix/store/2yi7k5ay6xj73rbfqf170gms922rjm2d-jq-1.7.1-bin",
              "default": true
            },
            {
              "name": "man",
              "path": "/nix/store/6y5xhrbdfwnf4xbwzvvz8n2yibyvkvm9-jq-1.7.1-man",
              "default": true
            },
            {
              "name": "dev",
              "path": "/nix/store/2186473hfwk15m3cmpddck6jp28sjmkl-jq-1.7.1-dev"
            },
            {
              "name": "doc",
              "path": "/nix/store/r6qdnj7qxcwvkp02zw5yjp09vydb0m8l-jq-1.7.1-doc"
            },
            {
              "name": "out",
              "path": "/nix/store/d7mhlprb84m83vm0z1xw18jpxz3x5hzy-jq-1.7.1"
            }
          ],
          "store_path": "/nix/store/2yi7k5ay6xj73rbfqf170gms922rjm2d-jq-1.7.1-bin"
        }
      }
    },
    "pre-commit@4.0.1": {
      "last_modified": "2025-04-29T04:24:43Z",
      "resolved": "github:NixOS/nixpkgs/ffa0bb043c25cfc79ff3bc20ba2e44c3724499b1#pre-commit",
      "source": "devbox-search",
      "version": "4.0.1",
      "systems": {
        "aarch64-darwin": {
          "outputs": [
            {
              "name": "out",
              "path": "/nix/store/3qcg99ylsvnpgjz6mraychq1cq7h0hqy-pre-commit-4.0.1",
              "default": true
            },
            {
              "name": "dist",
              "path": "/nix/store/2kfsh11nmbfb4p0swc8fbd64zx8yxk2m-pre-commit-4.0.1-dist"
            }
          ],
          "store_path": "/nix/store/3qcg99ylsvnpgjz6mraychq1cq7h0hqy-pre-commit-4.0.1"
        },
        "aarch64-linux": {
          "outputs": [
            {
              "name": "out",
              "path": "/nix/store/ncrrahxiwhhbfhlahhchn4vjjbbx2bki-pre-commit-4.0.1",
              "default": true
            },
            {
              "name": "dist",
              "path": "/nix/store/hs6q88mzrg7ahs0q8zrpzdhcjx3q7hby-pre-commit-4.0.1-dist"
            }
          ],
          "store_path": "/nix/store/ncrrahxiwhhbfhlahhchn4vjjbbx2bki-pre-commit-4.0.1"
        },
        "x86_64-darwin": {
          "outputs": [
            {
              "name": "out",
              "path": "/nix/store/4cawf7w6kan4hk8fm7fd61r6wrcx1pql-pre-commit-4.0.1",
              "default": true
            },
            {
              "name": "dist",
              "path": "/nix/store/i66khaa7g5v722lp1lb1sf9ahzlsdbhl-pre-commit-4.0.1-dist"
            }
          ],
          "store_path": "/nix/store/4cawf7w6kan4hk8fm7fd61r6wrcx1pql-pre-commit-4.0.1"
        },
        "x86_64-linux": {
          "outputs": [
            {
              "name": "out",
              "path": "/nix/store/8y3rszv7dpch6l6hbixfhmdwmki75mqq-pre-commit-4.0.1",
              "default": true
            },
            {
              "name": "dist",
              "path": "/nix/store/xaxz96ykrhz5rw55p9i5qvykd06zz285-pre-commit-4.0.1-dist"
            }
          ],
          "store_path": "/nix/store/8y3rszv7dpch6l6hbixfhmdwmki75mqq-pre-commit-4.0.1"
        }
      }
    },
    "trivy@0.61.0": {
      "last_modified": "2025-04-17T05:47:26Z",
      "resolved": "github:NixOS/nixpkgs/ebe4301cbd8f81c4f8d3244b3632338bbeb6d49c#trivy",
      "source": "devbox-search",
      "version": "0.61.0",
      "systems": {
        "aarch64-darwin": {
          "outputs": [
            {
              "name": "out",
              "path": "/nix/store/jrdffvizlswgq9fgq31dksm9wl51q0b7-trivy-0.61.0",
              "default": true
            }
          ],
          "store_path": "/nix/store/jrdffvizlswgq9fgq31dksm9wl51q0b7-trivy-0.61.0"
        },
        "aarch64-linux": {
          "outputs": [
            {
              "name": "out",
              "path": "/nix/store/kqirag39m8xmbz86b6dngxljm1k2xklf-trivy-0.61.0",
              "default": true
            }
          ],
          "store_path": "/nix/store/kqirag39m8xmbz86b6dngxljm1k2xklf-trivy-0.61.0"
        },
        "x86_64-darwin": {
          "outputs": [
            {
              "name": "out",
              "path": "/nix/store/zdmm75ac3brd6j6m2spp0slfm73blm17-trivy-0.61.0",
              "default": true
            }
          ],
          "store_path": "/nix/store/zdmm75ac3brd6j6m2spp0slfm73blm17-trivy-0.61.0"
        },
        "x86_64-linux": {
          "outputs": [
            {
              "name": "out",
              "path": "/nix/store/szprdfv6ljl8gxlw07mrc2cg5z5pvg9s-trivy-0.61.0",
              "default": true
            }
          ],
          "store_path": "/nix/store/szprdfv6ljl8gxlw07mrc2cg5z5pvg9s-trivy-0.61.0"
        }
      }
    }
  }
}
